{
  "originHash" : "b2f8c50efecfa09b7cab36087f26fa829d0035892e459272340e3d1013e30dd0",
  "pins" : [
    {
      "identity" : "sdwebimage",
      "kind" : "remoteSourceControl",
      "location" : "https://github.com/SDWebImage/SDWebImage",
      "state" : {
        "revision" : "5191b801aca999b704eb93f118f91468b4570571",
        "version" : "5.19.6"
      }
    }
  ],
  "version" : 3
}
